
Microsoft Visual Studio Solution File, Format Version 12.00
# Visual Studio Version 17
VisualStudioVersion = 17.6.33723.286
MinimumVisualStudioVersion = 10.0.40219.1
Project("{FAE04EC0-301F-11D3-BF4B-00C04F79EFBC}") = "GoLinks", "GoLinks\GoLinks.csproj", "{EEDB3B1A-3EF4-4C29-979A-BF93C2699E7C}"
EndProject
Global
	GlobalSection(SolutionConfigurationPlatforms) = preSolution
		Debug|Any CPU = Debug|Any CPU
		Release|Any CPU = Release|Any CPU
	EndGlobalSection
	GlobalSection(ProjectConfigurationPlatforms) = postSolution
		{EEDB3B1A-3EF4-4C29-979A-BF93C2699E7C}.Debug|Any CPU.ActiveCfg = Debug|Any CPU
		{EEDB3B1A-3EF4-4C29-979A-BF93C2699E7C}.Debug|Any CPU.Build.0 = Debug|Any CPU
		{EEDB3B1A-3EF4-4C29-979A-BF93C2699E7C}.Release|Any CPU.ActiveCfg = Release|Any CPU
		{EEDB3B1A-3EF4-4C29-979A-BF93C2699E7C}.Release|Any CPU.Build.0 = Release|Any CPU
	EndGlobalSection
	GlobalSection(SolutionProperties) = preSolution
		HideSolutionNode = FALSE
	EndGlobalSection
	GlobalSection(ExtensibilityGlobals) = postSolution
		SolutionGuid = {D9F63091-767D-4C29-8D3C-E0CF9F1EC190}
	EndGlobalSection
EndGlobal
